
Microsoft Visual Studio Solution File, Format Version 12.00
# Visual Studio 15
VisualStudioVersion = 15.0.26730.10
MinimumVisualStudioVersion = 10.0.40219.1
Project("{FAE04EC0-301F-11D3-BF4B-00C04F79EFBC}") = "Problem_1PokeMon", "Problem_1PokeMon\Problem_1PokeMon.csproj", "{E5271395-CF21-4260-A875-FF843758DB92}"
EndProject
Project("{FAE04EC0-301F-11D3-BF4B-00C04F79EFBC}") = "Problem_2PokemonDon'tGo", "Problem_2PokemonDon'tGo\Problem_2PokemonDon'tGo.csproj", "{854C8CF6-B597-4F7C-8373-5786D3803B4F}"
EndProject
Project("{FAE04EC0-301F-11D3-BF4B-00C04F79EFBC}") = "Problem_3Regexmon", "Problem_3Regexmon\Problem_3Regexmon.csproj", "{DCBA40AF-557A-4C8A-A8F0-A0253ABEE099}"
EndProject
Project("{FAE04EC0-301F-11D3-BF4B-00C04F79EFBC}") = "Problrm_4PokemonEvolution", "Problrm_4PokemonEvolution\Problrm_4PokemonEvolution.csproj", "{D0B3CBDF-638B-481F-8BF0-9ED69F1EC904}"
EndProject
Global
	GlobalSection(SolutionConfigurationPlatforms) = preSolution
		Debug|Any CPU = Debug|Any CPU
		Release|Any CPU = Release|Any CPU
	EndGlobalSection
	GlobalSection(ProjectConfigurationPlatforms) = postSolution
		{E5271395-CF21-4260-A875-FF843758DB92}.Debug|Any CPU.ActiveCfg = Debug|Any CPU
		{E5271395-CF21-4260-A875-FF843758DB92}.Debug|Any CPU.Build.0 = Debug|Any CPU
		{E5271395-CF21-4260-A875-FF843758DB92}.Release|Any CPU.ActiveCfg = Release|Any CPU
		{E5271395-CF21-4260-A875-FF843758DB92}.Release|Any CPU.Build.0 = Release|Any CPU
		{854C8CF6-B597-4F7C-8373-5786D3803B4F}.Debug|Any CPU.ActiveCfg = Debug|Any CPU
		{854C8CF6-B597-4F7C-8373-5786D3803B4F}.Debug|Any CPU.Build.0 = Debug|Any CPU
		{854C8CF6-B597-4F7C-8373-5786D3803B4F}.Release|Any CPU.ActiveCfg = Release|Any CPU
		{854C8CF6-B597-4F7C-8373-5786D3803B4F}.Release|Any CPU.Build.0 = Release|Any CPU
		{DCBA40AF-557A-4C8A-A8F0-A0253ABEE099}.Debug|Any CPU.ActiveCfg = Debug|Any CPU
		{DCBA40AF-557A-4C8A-A8F0-A0253ABEE099}.Debug|Any CPU.Build.0 = Debug|Any CPU
		{DCBA40AF-557A-4C8A-A8F0-A0253ABEE099}.Release|Any CPU.ActiveCfg = Release|Any CPU
		{DCBA40AF-557A-4C8A-A8F0-A0253ABEE099}.Release|Any CPU.Build.0 = Release|Any CPU
		{D0B3CBDF-638B-481F-8BF0-9ED69F1EC904}.Debug|Any CPU.ActiveCfg = Debug|Any CPU
		{D0B3CBDF-638B-481F-8BF0-9ED69F1EC904}.Debug|Any CPU.Build.0 = Debug|Any CPU
		{D0B3CBDF-638B-481F-8BF0-9ED69F1EC904}.Release|Any CPU.ActiveCfg = Release|Any CPU
		{D0B3CBDF-638B-481F-8BF0-9ED69F1EC904}.Release|Any CPU.Build.0 = Release|Any CPU
	EndGlobalSection
	GlobalSection(SolutionProperties) = preSolution
		HideSolutionNode = FALSE
	EndGlobalSection
	GlobalSection(ExtensibilityGlobals) = postSolution
		SolutionGuid = {ECB39752-D330-4948-B39B-9E4421F5BF14}
	EndGlobalSection
EndGlobal
