
Microsoft Visual Studio Solution File, Format Version 12.00
# Visual Studio 15
VisualStudioVersion = 15.0.26730.10
MinimumVisualStudioVersion = 10.0.40219.1
Project("{FAE04EC0-301F-11D3-BF4B-00C04F79EFBC}") = "01_ExtractEmails", "01_ExtractEmails\01_ExtractEmails.csproj", "{2E50BC81-46B1-4192-88A7-9B8FBC4F7615}"
EndProject
Project("{FAE04EC0-301F-11D3-BF4B-00C04F79EFBC}") = "02_ExtractSentencesByKeyword", "02_ExtractSentencesByKeyword\02_ExtractSentencesByKeyword.csproj", "{778C8710-AF74-4F1D-924F-1C9BA769C135}"
EndProject
Project("{FAE04EC0-301F-11D3-BF4B-00C04F79EFBC}") = "03_CameraView", "03_CameraView\03_CameraView.csproj", "{7FAF0C4D-EC79-4E7A-B834-148B3B56B3D1}"
EndProject
Project("{FAE04EC0-301F-11D3-BF4B-00C04F79EFBC}") = "04_Weather", "04_Weather\04_Weather.csproj", "{7548FCD1-731C-4B0C-90DF-5AE718A5E3D5}"
EndProject
Project("{FAE04EC0-301F-11D3-BF4B-00C04F79EFBC}") = "05_KeyReplacer", "05_KeyReplacer\05_KeyReplacer.csproj", "{0520B6E6-4327-457B-AFC8-C6A663F154B1}"
EndProject
Project("{FAE04EC0-301F-11D3-BF4B-00C04F79EFBC}") = "06_ValidUsernames", "06_ValidUsernames\06_ValidUsernames.csproj", "{076BBF11-55E2-43F0-82B6-B09C64EC0A7F}"
EndProject
Project("{FAE04EC0-301F-11D3-BF4B-00C04F79EFBC}") = "07_QueryMess", "07_QueryMess\07_QueryMess.csproj", "{D900226D-BB74-4B00-A161-5DFA953B7664}"
EndProject
Project("{FAE04EC0-301F-11D3-BF4B-00C04F79EFBC}") = "08_UseYourChainsBuddy", "08_UseYourChainsBuddy\08_UseYourChainsBuddy.csproj", "{1F05500E-C740-4E48-86EB-BDC0C11400C7}"
EndProject
Global
	GlobalSection(SolutionConfigurationPlatforms) = preSolution
		Debug|Any CPU = Debug|Any CPU
		Release|Any CPU = Release|Any CPU
	EndGlobalSection
	GlobalSection(ProjectConfigurationPlatforms) = postSolution
		{2E50BC81-46B1-4192-88A7-9B8FBC4F7615}.Debug|Any CPU.ActiveCfg = Debug|Any CPU
		{2E50BC81-46B1-4192-88A7-9B8FBC4F7615}.Debug|Any CPU.Build.0 = Debug|Any CPU
		{2E50BC81-46B1-4192-88A7-9B8FBC4F7615}.Release|Any CPU.ActiveCfg = Release|Any CPU
		{2E50BC81-46B1-4192-88A7-9B8FBC4F7615}.Release|Any CPU.Build.0 = Release|Any CPU
		{778C8710-AF74-4F1D-924F-1C9BA769C135}.Debug|Any CPU.ActiveCfg = Debug|Any CPU
		{778C8710-AF74-4F1D-924F-1C9BA769C135}.Debug|Any CPU.Build.0 = Debug|Any CPU
		{778C8710-AF74-4F1D-924F-1C9BA769C135}.Release|Any CPU.ActiveCfg = Release|Any CPU
		{778C8710-AF74-4F1D-924F-1C9BA769C135}.Release|Any CPU.Build.0 = Release|Any CPU
		{7FAF0C4D-EC79-4E7A-B834-148B3B56B3D1}.Debug|Any CPU.ActiveCfg = Debug|Any CPU
		{7FAF0C4D-EC79-4E7A-B834-148B3B56B3D1}.Debug|Any CPU.Build.0 = Debug|Any CPU
		{7FAF0C4D-EC79-4E7A-B834-148B3B56B3D1}.Release|Any CPU.ActiveCfg = Release|Any CPU
		{7FAF0C4D-EC79-4E7A-B834-148B3B56B3D1}.Release|Any CPU.Build.0 = Release|Any CPU
		{7548FCD1-731C-4B0C-90DF-5AE718A5E3D5}.Debug|Any CPU.ActiveCfg = Debug|Any CPU
		{7548FCD1-731C-4B0C-90DF-5AE718A5E3D5}.Debug|Any CPU.Build.0 = Debug|Any CPU
		{7548FCD1-731C-4B0C-90DF-5AE718A5E3D5}.Release|Any CPU.ActiveCfg = Release|Any CPU
		{7548FCD1-731C-4B0C-90DF-5AE718A5E3D5}.Release|Any CPU.Build.0 = Release|Any CPU
		{0520B6E6-4327-457B-AFC8-C6A663F154B1}.Debug|Any CPU.ActiveCfg = Debug|Any CPU
		{0520B6E6-4327-457B-AFC8-C6A663F154B1}.Debug|Any CPU.Build.0 = Debug|Any CPU
		{0520B6E6-4327-457B-AFC8-C6A663F154B1}.Release|Any CPU.ActiveCfg = Release|Any CPU
		{0520B6E6-4327-457B-AFC8-C6A663F154B1}.Release|Any CPU.Build.0 = Release|Any CPU
		{076BBF11-55E2-43F0-82B6-B09C64EC0A7F}.Debug|Any CPU.ActiveCfg = Debug|Any CPU
		{076BBF11-55E2-43F0-82B6-B09C64EC0A7F}.Debug|Any CPU.Build.0 = Debug|Any CPU
		{076BBF11-55E2-43F0-82B6-B09C64EC0A7F}.Release|Any CPU.ActiveCfg = Release|Any CPU
		{076BBF11-55E2-43F0-82B6-B09C64EC0A7F}.Release|Any CPU.Build.0 = Release|Any CPU
		{D900226D-BB74-4B00-A161-5DFA953B7664}.Debug|Any CPU.ActiveCfg = Debug|Any CPU
		{D900226D-BB74-4B00-A161-5DFA953B7664}.Debug|Any CPU.Build.0 = Debug|Any CPU
		{D900226D-BB74-4B00-A161-5DFA953B7664}.Release|Any CPU.ActiveCfg = Release|Any CPU
		{D900226D-BB74-4B00-A161-5DFA953B7664}.Release|Any CPU.Build.0 = Release|Any CPU
		{1F05500E-C740-4E48-86EB-BDC0C11400C7}.Debug|Any CPU.ActiveCfg = Debug|Any CPU
		{1F05500E-C740-4E48-86EB-BDC0C11400C7}.Debug|Any CPU.Build.0 = Debug|Any CPU
		{1F05500E-C740-4E48-86EB-BDC0C11400C7}.Release|Any CPU.ActiveCfg = Release|Any CPU
		{1F05500E-C740-4E48-86EB-BDC0C11400C7}.Release|Any CPU.Build.0 = Release|Any CPU
	EndGlobalSection
	GlobalSection(SolutionProperties) = preSolution
		HideSolutionNode = FALSE
	EndGlobalSection
	GlobalSection(ExtensibilityGlobals) = postSolution
		SolutionGuid = {B5F5C681-D2C8-4EDB-94CB-732FE5A50FD3}
	EndGlobalSection
EndGlobal
